{
  "name": "s3-cloudfront",
  "version": "1.0.0",
  "lockfileVersion": 1,
  "requires": true,
  "dependencies": {
    "@aws-cdk/assets": {
      "version": "1.69.0",
      "resolved": "https://registry.npmjs.org/@aws-cdk/assets/-/assets-1.69.0.tgz",
      "integrity": "sha512-qTtO35DHRnV6n6L2GbK2EwuJqL+fOBTUEebIuajuEosoLlZCIokcfJz01eErfBtyr6ecgxIrsDVjqbSo45EXFQ==",
      "requires": {
        "@aws-cdk/core": "1.69.0",
        "@aws-cdk/cx-api": "1.69.0",
        "constructs": "^3.0.4"
      }
    },
    "@aws-cdk/aws-apigateway": {
      "version": "1.69.0",
      "resolved": "https://registry.npmjs.org/@aws-cdk/aws-apigateway/-/aws-apigateway-1.69.0.tgz",
      "integrity": "sha512-oKB+1zHnyXSGOoQB7IK1bKSTMAqLgU0R3+cOsjn3yYCqEJWzrpnQ8zwuiZfl4xInfQwV2j+ihnfVPpZY8l7VTg==",
      "requires": {
        "@aws-cdk/assets": "1.69.0",
        "@aws-cdk/aws-certificatemanager": "1.69.0",
        "@aws-cdk/aws-cloudwatch": "1.69.0",
        "@aws-cdk/aws-ec2": "1.69.0",
        "@aws-cdk/aws-elasticloadbalancingv2": "1.69.0",
        "@aws-cdk/aws-iam": "1.69.0",
        "@aws-cdk/aws-lambda": "1.69.0",
        "@aws-cdk/aws-logs": "1.69.0",
        "@aws-cdk/aws-s3": "1.69.0",
        "@aws-cdk/aws-s3-assets": "1.69.0",
        "@aws-cdk/core": "1.69.0",
        "@aws-cdk/cx-api": "1.69.0",
        "constructs": "^3.0.4"
      }
    },
    "@aws-cdk/aws-applicationautoscaling": {
      "version": "1.69.0",
      "resolved": "https://registry.npmjs.org/@aws-cdk/aws-applicationautoscaling/-/aws-applicationautoscaling-1.69.0.tgz",
      "integrity": "sha512-lc+oYlWN8AMJNVBtWOXH9ZQnIwaIhTfoR7YgRhPYewlQFZO8dincxSWC9bnjho1dFAZp6BCi8ZBncBlKJLWDvg==",
      "requires": {
        "@aws-cdk/aws-autoscaling-common": "1.69.0",
        "@aws-cdk/aws-cloudwatch": "1.69.0",
        "@aws-cdk/aws-iam": "1.69.0",
        "@aws-cdk/core": "1.69.0",
        "constructs": "^3.0.4"
      }
    },
    "@aws-cdk/aws-autoscaling-common": {
      "version": "1.69.0",
      "resolved": "https://registry.npmjs.org/@aws-cdk/aws-autoscaling-common/-/aws-autoscaling-common-1.69.0.tgz",
      "integrity": "sha512-2PbcN9hR6tMbYtvJxT5+7AG1yBB1ViZ9zF/SfIyV7euIa+LvEd7dJU+7b3Ea4zaxgFzU/my/Siobww04wbP/Ew==",
      "requires": {
        "@aws-cdk/aws-iam": "1.69.0",
        "@aws-cdk/core": "1.69.0",
        "constructs": "^3.0.4"
      }
    },
    "@aws-cdk/aws-certificatemanager": {
      "version": "1.69.0",
      "resolved": "https://registry.npmjs.org/@aws-cdk/aws-certificatemanager/-/aws-certificatemanager-1.69.0.tgz",
      "integrity": "sha512-Hiv97FdBTo0dPQCaryzECqlHdAxDWJ1L5+NYncTLjEpx+KUkeSfz05KXHOuNvlpat/aEqs3c1/kgTYfTdGSYEA==",
      "requires": {
        "@aws-cdk/aws-iam": "1.69.0",
        "@aws-cdk/aws-lambda": "1.69.0",
        "@aws-cdk/aws-route53": "1.69.0",
        "@aws-cdk/core": "1.69.0",
        "constructs": "^3.0.4"
      }
    },
    "@aws-cdk/aws-cloudformation": {
      "version": "1.69.0",
      "resolved": "https://registry.npmjs.org/@aws-cdk/aws-cloudformation/-/aws-cloudformation-1.69.0.tgz",
      "integrity": "sha512-Jc48YSm8Uxu8FlX30NPYB5zDjfF9g0ExhK0wnSmDUkjCQ6dBOiImM1vnmBGEfV8npx8jy8kttLBmHmot3pAnag==",
      "requires": {
        "@aws-cdk/aws-iam": "1.69.0",
        "@aws-cdk/aws-lambda": "1.69.0",
        "@aws-cdk/aws-s3": "1.69.0",
        "@aws-cdk/aws-sns": "1.69.0",
        "@aws-cdk/core": "1.69.0",
        "@aws-cdk/cx-api": "1.69.0",
        "constructs": "^3.0.4"
      }
    },
    "@aws-cdk/aws-cloudfront": {
      "version": "1.69.0",
      "resolved": "https://registry.npmjs.org/@aws-cdk/aws-cloudfront/-/aws-cloudfront-1.69.0.tgz",
      "integrity": "sha512-DIxzozA+ve46eoh5IcC898vJOicGp1dc4+vAYiGH1/lxe1/1c8EJHizhbSv36UQ1s61TkYUXEcKrNEuOregBGQ==",
      "requires": {
        "@aws-cdk/aws-certificatemanager": "1.69.0",
        "@aws-cdk/aws-iam": "1.69.0",
        "@aws-cdk/aws-kms": "1.69.0",
        "@aws-cdk/aws-lambda": "1.69.0",
        "@aws-cdk/aws-s3": "1.69.0",
        "@aws-cdk/core": "1.69.0",
        "constructs": "^3.0.4"
      }
    },
    "@aws-cdk/aws-cloudwatch": {
      "version": "1.69.0",
      "resolved": "https://registry.npmjs.org/@aws-cdk/aws-cloudwatch/-/aws-cloudwatch-1.69.0.tgz",
      "integrity": "sha512-/weWOmvZ/Yech07EnGLHks+u8omSt7+olNsu3Fknhw9B5PsrNQb+/VZCg0wASlEPJRWgN44rBYmSTKrREZqOMQ==",
      "requires": {
        "@aws-cdk/aws-iam": "1.69.0",
        "@aws-cdk/core": "1.69.0",
        "constructs": "^3.0.4"
      }
    },
    "@aws-cdk/aws-codeguruprofiler": {
      "version": "1.69.0",
      "resolved": "https://registry.npmjs.org/@aws-cdk/aws-codeguruprofiler/-/aws-codeguruprofiler-1.69.0.tgz",
      "integrity": "sha512-xMryUmVP7kjykQtGDSlZ+MRBnjy4HBTTBsYQw6fePG9njK3Gck9b4bns3XwuTn8UtGY8kSNz+sglU/FDAK5qBg==",
      "requires": {
        "@aws-cdk/aws-iam": "1.69.0",
        "@aws-cdk/core": "1.69.0",
        "constructs": "^3.0.4"
      }
    },
    "@aws-cdk/aws-cognito": {
      "version": "1.69.0",
      "resolved": "https://registry.npmjs.org/@aws-cdk/aws-cognito/-/aws-cognito-1.69.0.tgz",
      "integrity": "sha512-ghi5/qrATz8ZhCX9PHh1z0aa4PUeM4AxKqusbj/VOn6qiLNtyYj33CYL6+TSJ5a3JHfRFX0qth7G5l95MuNW6g==",
      "requires": {
        "@aws-cdk/aws-certificatemanager": "1.69.0",
        "@aws-cdk/aws-iam": "1.69.0",
        "@aws-cdk/aws-lambda": "1.69.0",
        "@aws-cdk/core": "1.69.0",
        "@aws-cdk/custom-resources": "1.69.0",
        "constructs": "^3.0.4"
      }
    },
    "@aws-cdk/aws-ec2": {
      "version": "1.69.0",
      "resolved": "https://registry.npmjs.org/@aws-cdk/aws-ec2/-/aws-ec2-1.69.0.tgz",
      "integrity": "sha512-Kz0JGLhyDu62Y9Mg5TEjdB0NVQZd/mK2VlnqP2eIOndujJIvuihr/XcyyN+b0gfx9VRt3dLK31AuwMyEdcREoQ==",
      "requires": {
        "@aws-cdk/aws-cloudwatch": "1.69.0",
        "@aws-cdk/aws-iam": "1.69.0",
        "@aws-cdk/aws-kms": "1.69.0",
        "@aws-cdk/aws-logs": "1.69.0",
        "@aws-cdk/aws-s3": "1.69.0",
        "@aws-cdk/aws-s3-assets": "1.69.0",
        "@aws-cdk/aws-ssm": "1.69.0",
        "@aws-cdk/cloud-assembly-schema": "1.69.0",
        "@aws-cdk/core": "1.69.0",
        "@aws-cdk/cx-api": "1.69.0",
        "@aws-cdk/region-info": "1.69.0",
        "constructs": "^3.0.4"
      }
    },
    "@aws-cdk/aws-efs": {
      "version": "1.69.0",
      "resolved": "https://registry.npmjs.org/@aws-cdk/aws-efs/-/aws-efs-1.69.0.tgz",
      "integrity": "sha512-H3iY9X3GAmpQNbskLV7leMQSVSs7T4aCjy71W9GJ6W0WhXdz2Z5tDJk4CYz4ICcrO1dZXfbgCkEcK6s52giAqA==",
      "requires": {
        "@aws-cdk/aws-ec2": "1.69.0",
        "@aws-cdk/aws-kms": "1.69.0",
        "@aws-cdk/cloud-assembly-schema": "1.69.0",
        "@aws-cdk/core": "1.69.0",
        "@aws-cdk/cx-api": "1.69.0",
        "constructs": "^3.0.4"
      }
    },
    "@aws-cdk/aws-elasticloadbalancing": {
      "version": "1.69.0",
      "resolved": "https://registry.npmjs.org/@aws-cdk/aws-elasticloadbalancing/-/aws-elasticloadbalancing-1.69.0.tgz",
      "integrity": "sha512-s+OY/wrQCC5t+ly9Df8gUH4l8FBbLwM8mDZGV2XydGNFjJ8iQCDG1c+2VNQbUqighpjASFKcL48KqxsDBwyeLQ==",
      "requires": {
        "@aws-cdk/aws-ec2": "1.69.0",
        "@aws-cdk/core": "1.69.0",
        "constructs": "^3.0.4"
      }
    },
    "@aws-cdk/aws-elasticloadbalancingv2": {
      "version": "1.69.0",
      "resolved": "https://registry.npmjs.org/@aws-cdk/aws-elasticloadbalancingv2/-/aws-elasticloadbalancingv2-1.69.0.tgz",
      "integrity": "sha512-J8cSmTHgnfblpNT7hK3f5GtAGvSd0pkaig5KavgBxaAq3J+dJ3z+T2rVIjteGgx483dh/j4Os5q2Hh+NxqdUig==",
      "requires": {
        "@aws-cdk/aws-certificatemanager": "1.69.0",
        "@aws-cdk/aws-cloudwatch": "1.69.0",
        "@aws-cdk/aws-ec2": "1.69.0",
        "@aws-cdk/aws-iam": "1.69.0",
        "@aws-cdk/aws-lambda": "1.69.0",
        "@aws-cdk/aws-s3": "1.69.0",
        "@aws-cdk/core": "1.69.0",
        "@aws-cdk/region-info": "1.69.0",
        "constructs": "^3.0.4"
      }
    },
    "@aws-cdk/aws-events": {
      "version": "1.69.0",
      "resolved": "https://registry.npmjs.org/@aws-cdk/aws-events/-/aws-events-1.69.0.tgz",
      "integrity": "sha512-6EtzIENXSgVLsOThoJV97NxfLBRURL38nFJyY2+floNj6ct1q2hjEvQdT+0VIxJRDiN7kDAZK2CgFTgC3f2epQ==",
      "requires": {
        "@aws-cdk/aws-iam": "1.69.0",
        "@aws-cdk/core": "1.69.0",
        "constructs": "^3.0.4"
      }
    },
    "@aws-cdk/aws-iam": {
      "version": "1.69.0",
      "resolved": "https://registry.npmjs.org/@aws-cdk/aws-iam/-/aws-iam-1.69.0.tgz",
      "integrity": "sha512-a9VqCXh8r85kFpBWHTXXQWYHIFvMOdQxr+T0aXYhZO2nb20G/9MJ7YolPzcDoTkexltQo15+63/uW/HtQCZHpg==",
      "requires": {
        "@aws-cdk/core": "1.69.0",
        "@aws-cdk/region-info": "1.69.0",
        "constructs": "^3.0.4"
      }
    },
    "@aws-cdk/aws-kms": {
      "version": "1.69.0",
      "resolved": "https://registry.npmjs.org/@aws-cdk/aws-kms/-/aws-kms-1.69.0.tgz",
      "integrity": "sha512-asbo6xWlJrnE9xnP/3FutkV7yoP3CPmlGuq8QQ7R6pT4UKLL41Aevil91y60BG88X2mm47dj8T+EZG1B7uyw6A==",
      "requires": {
        "@aws-cdk/aws-iam": "1.69.0",
        "@aws-cdk/core": "1.69.0",
        "constructs": "^3.0.4"
      }
    },
    "@aws-cdk/aws-lambda": {
      "version": "1.69.0",
      "resolved": "https://registry.npmjs.org/@aws-cdk/aws-lambda/-/aws-lambda-1.69.0.tgz",
      "integrity": "sha512-ME3XtuJQ15d1sktbIMrFCCbIxeRXPXaXozyjKYlXB6Nf1jHK5ZsbRIIV/BLX4Nep7rg4W817RH2c2mdb6UyMXQ==",
      "requires": {
        "@aws-cdk/aws-applicationautoscaling": "1.69.0",
        "@aws-cdk/aws-cloudwatch": "1.69.0",
        "@aws-cdk/aws-codeguruprofiler": "1.69.0",
        "@aws-cdk/aws-ec2": "1.69.0",
        "@aws-cdk/aws-efs": "1.69.0",
        "@aws-cdk/aws-events": "1.69.0",
        "@aws-cdk/aws-iam": "1.69.0",
        "@aws-cdk/aws-logs": "1.69.0",
        "@aws-cdk/aws-s3": "1.69.0",
        "@aws-cdk/aws-s3-assets": "1.69.0",
        "@aws-cdk/aws-sqs": "1.69.0",
        "@aws-cdk/core": "1.69.0",
        "@aws-cdk/cx-api": "1.69.0",
        "constructs": "^3.0.4"
      }
    },
    "@aws-cdk/aws-logs": {
      "version": "1.69.0",
      "resolved": "https://registry.npmjs.org/@aws-cdk/aws-logs/-/aws-logs-1.69.0.tgz",
      "integrity": "sha512-PSH++s7ADU8RUvjWRko1NBeJnMvO6n15PXE3ukNFgJfLY8VG/k4xFA3JCypcNPSq7vxny7IS7TR/9Qh6ebvB+A==",
      "requires": {
        "@aws-cdk/aws-cloudwatch": "1.69.0",
        "@aws-cdk/aws-iam": "1.69.0",
        "@aws-cdk/aws-s3-assets": "1.69.0",
        "@aws-cdk/core": "1.69.0",
        "constructs": "^3.0.4"
      }
    },
    "@aws-cdk/aws-route53": {
      "version": "1.69.0",
      "resolved": "https://registry.npmjs.org/@aws-cdk/aws-route53/-/aws-route53-1.69.0.tgz",
      "integrity": "sha512-PXh507nhdsVyIhWx5+hl1OaIrmWYQuqYvCr1l/f15pNj5Bw/ZeSLk4M1hb34wsjLy1l6GqjpUPLNUFhqaGNc6w==",
      "requires": {
        "@aws-cdk/aws-ec2": "1.69.0",
        "@aws-cdk/aws-logs": "1.69.0",
        "@aws-cdk/cloud-assembly-schema": "1.69.0",
        "@aws-cdk/core": "1.69.0",
        "constructs": "^3.0.4"
      }
    },
    "@aws-cdk/aws-route53-targets": {
      "version": "1.69.0",
      "resolved": "https://registry.npmjs.org/@aws-cdk/aws-route53-targets/-/aws-route53-targets-1.69.0.tgz",
      "integrity": "sha512-EyOpiz915vwJjokqcsioyK8LFu1v36W6nMpmxq4w/Micg7Epwdh6xH83z2X5kZVjUjo9FWGPS0WOCD3mQ0bk2A==",
      "requires": {
        "@aws-cdk/aws-apigateway": "1.69.0",
        "@aws-cdk/aws-cloudfront": "1.69.0",
        "@aws-cdk/aws-cognito": "1.69.0",
        "@aws-cdk/aws-ec2": "1.69.0",
        "@aws-cdk/aws-elasticloadbalancing": "1.69.0",
        "@aws-cdk/aws-elasticloadbalancingv2": "1.69.0",
        "@aws-cdk/aws-iam": "1.69.0",
        "@aws-cdk/aws-route53": "1.69.0",
        "@aws-cdk/aws-s3": "1.69.0",
        "@aws-cdk/core": "1.69.0",
        "@aws-cdk/region-info": "1.69.0",
        "constructs": "^3.0.4"
      }
    },
    "@aws-cdk/aws-s3": {
      "version": "1.69.0",
      "resolved": "https://registry.npmjs.org/@aws-cdk/aws-s3/-/aws-s3-1.69.0.tgz",
      "integrity": "sha512-grw0ISppTk4B/dOWXD0Xq09bS0wlf1rEV4q2mKI+YZASTh2iKckVxDPfORkNrXqEwdmF9vo4ONxlcIdEDahDOQ==",
      "requires": {
        "@aws-cdk/aws-events": "1.69.0",
        "@aws-cdk/aws-iam": "1.69.0",
        "@aws-cdk/aws-kms": "1.69.0",
        "@aws-cdk/core": "1.69.0",
        "constructs": "^3.0.4"
      }
    },
    "@aws-cdk/aws-s3-assets": {
      "version": "1.69.0",
      "resolved": "https://registry.npmjs.org/@aws-cdk/aws-s3-assets/-/aws-s3-assets-1.69.0.tgz",
      "integrity": "sha512-EsBfCg/Kp619hsqUcolw3FoeXw/ibj+CsGS4O2S9C7/TEssNYpD7dKChvi/ZHD6CiBp2d77h07ayTzunfLpcWw==",
      "requires": {
        "@aws-cdk/assets": "1.69.0",
        "@aws-cdk/aws-iam": "1.69.0",
        "@aws-cdk/aws-kms": "1.69.0",
        "@aws-cdk/aws-s3": "1.69.0",
        "@aws-cdk/core": "1.69.0",
        "@aws-cdk/cx-api": "1.69.0",
        "constructs": "^3.0.4"
      }
    },
    "@aws-cdk/aws-s3-deployment": {
      "version": "1.69.0",
      "resolved": "https://registry.npmjs.org/@aws-cdk/aws-s3-deployment/-/aws-s3-deployment-1.69.0.tgz",
      "integrity": "sha512-0FjqZ5NIv967RKS5tjLRxiNvbaJsJ3q55Cr6wH7F30kjUl04xSbs1zKNqKuz+pHRS0r99PZMwkXttn5ItPOtYQ==",
      "requires": {
        "@aws-cdk/aws-cloudfront": "1.69.0",
        "@aws-cdk/aws-iam": "1.69.0",
        "@aws-cdk/aws-lambda": "1.69.0",
        "@aws-cdk/aws-s3": "1.69.0",
        "@aws-cdk/aws-s3-assets": "1.69.0",
        "@aws-cdk/core": "1.69.0",
        "constructs": "^3.0.4"
      }
    },
    "@aws-cdk/aws-sns": {
      "version": "1.69.0",
      "resolved": "https://registry.npmjs.org/@aws-cdk/aws-sns/-/aws-sns-1.69.0.tgz",
      "integrity": "sha512-obfSgkKHIjHK8+dHvcgoXMSrWld37+XBZt/1eYWPG4l0UR1g6JP7H8GmYhFjp3TVCSg10YFzpBwfw+CHuPFOvg==",
      "requires": {
        "@aws-cdk/aws-cloudwatch": "1.69.0",
        "@aws-cdk/aws-events": "1.69.0",
        "@aws-cdk/aws-iam": "1.69.0",
        "@aws-cdk/aws-kms": "1.69.0",
        "@aws-cdk/aws-sqs": "1.69.0",
        "@aws-cdk/core": "1.69.0",
        "constructs": "^3.0.4"
      }
    },
    "@aws-cdk/aws-sqs": {
      "version": "1.69.0",
      "resolved": "https://registry.npmjs.org/@aws-cdk/aws-sqs/-/aws-sqs-1.69.0.tgz",
      "integrity": "sha512-U2uhubzApKh06Pq9IPfZG14Eu0bJsRAWlo1yZF1tojURPGMvDIEaAiw0tvk4/HoT0XrRTYzTuhVKbSSx98PuIA==",
      "requires": {
        "@aws-cdk/aws-cloudwatch": "1.69.0",
        "@aws-cdk/aws-iam": "1.69.0",
        "@aws-cdk/aws-kms": "1.69.0",
        "@aws-cdk/core": "1.69.0",
        "constructs": "^3.0.4"
      }
    },
    "@aws-cdk/aws-ssm": {
      "version": "1.69.0",
      "resolved": "https://registry.npmjs.org/@aws-cdk/aws-ssm/-/aws-ssm-1.69.0.tgz",
      "integrity": "sha512-Om4I5SDXpVnReqnodG4n55+MPgvIZNKDeP+XmqNZ8dSOMAxVU03cymryimQCPdEH9i8b0Fyfqp2pJPuCp2T3Xg==",
      "requires": {
        "@aws-cdk/aws-iam": "1.69.0",
        "@aws-cdk/aws-kms": "1.69.0",
        "@aws-cdk/cloud-assembly-schema": "1.69.0",
        "@aws-cdk/core": "1.69.0",
        "constructs": "^3.0.4"
      }
    },
    "@aws-cdk/aws-wafv2": {
      "version": "1.69.0",
      "resolved": "https://registry.npmjs.org/@aws-cdk/aws-wafv2/-/aws-wafv2-1.69.0.tgz",
      "integrity": "sha512-40QN1vr0qxTj9ixiUIL0kGMBdHknjcIHy4Qz5vnTnjWhcC6n4yr9xbNkF+TNnbXLu8sRBOrFTq3mNMoGgUS/hA==",
      "requires": {
        "@aws-cdk/core": "1.69.0",
        "constructs": "^3.0.4"
      }
    },
    "@aws-cdk/cloud-assembly-schema": {
      "version": "1.69.0",
      "resolved": "https://registry.npmjs.org/@aws-cdk/cloud-assembly-schema/-/cloud-assembly-schema-1.69.0.tgz",
      "integrity": "sha512-8wT7wIR6RDTBfBLUavj338liQYysKm3RSXLPMcrhEWqkmLqskOd0Q/Oeoz8be08tNC3BshiKs0cjfjHCMtVy/g==",
      "requires": {
        "jsonschema": "^1.2.10",
        "semver": "^7.3.2"
      },
      "dependencies": {
        "jsonschema": {
          "version": "1.2.10"
        },
        "semver": {
          "version": "7.3.2"
        }
      }
    },
    "@aws-cdk/core": {
      "version": "1.69.0",
      "resolved": "https://registry.npmjs.org/@aws-cdk/core/-/core-1.69.0.tgz",
      "integrity": "sha512-z1jzuAta/+pSmjPuMa1CcLndhhppXtOezSXNsAcu5s7zjV8kSf7i+k0z5mMnuYK/yY8Mxd+9btdFCQI0iE6ZQw==",
      "requires": {
        "@aws-cdk/cloud-assembly-schema": "1.69.0",
        "@aws-cdk/cx-api": "1.69.0",
        "@aws-cdk/region-info": "1.69.0",
        "constructs": "^3.0.4",
        "fs-extra": "^9.0.1",
        "minimatch": "^3.0.4"
      },
      "dependencies": {
        "at-least-node": {
          "version": "1.0.0"
        },
        "balanced-match": {
          "version": "1.0.0"
        },
        "brace-expansion": {
          "version": "1.1.11",
          "requires": {
            "balanced-match": "^1.0.0",
            "concat-map": "0.0.1"
          }
        },
        "concat-map": {
          "version": "0.0.1"
        },
        "fs-extra": {
          "version": "9.0.1",
          "requires": {
            "at-least-node": "^1.0.0",
            "graceful-fs": "^4.2.0",
            "jsonfile": "^6.0.1",
            "universalify": "^1.0.0"
          }
        },
        "graceful-fs": {
          "version": "4.2.4"
        },
        "jsonfile": {
          "version": "6.0.1",
          "requires": {
            "graceful-fs": "^4.1.6",
            "universalify": "^1.0.0"
          }
        },
        "minimatch": {
          "version": "3.0.4",
          "requires": {
            "brace-expansion": "^1.1.7"
          }
        },
        "universalify": {
          "version": "1.0.0"
        }
      }
    },
    "@aws-cdk/custom-resources": {
      "version": "1.69.0",
      "resolved": "https://registry.npmjs.org/@aws-cdk/custom-resources/-/custom-resources-1.69.0.tgz",
      "integrity": "sha512-oJKGmW5kvmTVApCu23YJtfqNOYWDga8+EQ7yNwFd8SsWc+PVPhiHmr9gs5aG35SitbaU5OgcLYmY4LrAfnPHWg==",
      "requires": {
        "@aws-cdk/aws-cloudformation": "1.69.0",
        "@aws-cdk/aws-iam": "1.69.0",
        "@aws-cdk/aws-lambda": "1.69.0",
        "@aws-cdk/aws-logs": "1.69.0",
        "@aws-cdk/aws-sns": "1.69.0",
        "@aws-cdk/core": "1.69.0",
        "constructs": "^3.0.4"
      }
    },
    "@aws-cdk/cx-api": {
      "version": "1.69.0",
      "resolved": "https://registry.npmjs.org/@aws-cdk/cx-api/-/cx-api-1.69.0.tgz",
      "integrity": "sha512-94zBqeEKPxsaGEhSahTcD2rUMBpR7nRzGEap/HqhbaOXRgjdp4mSBNFJgX7tRqufTFfE9ePHgOQS62mYQhjWnA==",
      "requires": {
        "@aws-cdk/cloud-assembly-schema": "1.69.0",
        "semver": "^7.3.2"
      },
      "dependencies": {
        "semver": {
          "version": "7.3.2"
        }
      }
    },
    "@aws-cdk/region-info": {
      "version": "1.69.0",
      "resolved": "https://registry.npmjs.org/@aws-cdk/region-info/-/region-info-1.69.0.tgz",
      "integrity": "sha512-lEniN/SA3Q1hcpZDXhycbRtly7+ojYWznf/Ykqz7M7K3e7zh7c3DB9+pjul0Hwesx59ahKWQBUNrqM5XObc98g=="
    },
    "constructs": {
      "version": "3.0.25",
      "resolved": "https://registry.npmjs.org/constructs/-/constructs-3.0.25.tgz",
      "integrity": "sha512-XWN48XKLH0dh7F77TQWdZgzBpgLQ097XMJC1FtxBHLNp8iCAnEtTjhQJULBbQt2iqUigOGx1W27EjCM4Q0VHeQ=="
    }
  }
}
